{
  "name": "EWU-CSCD379-2024-Spring",
  "lockfileVersion": 3,
  "requires": true,
  "packages": {
    "": {
      "dependencies": {
        "nuxt-storage": "^1.2.2"
      }
    },
    "node_modules/nuxt-storage": {
      "version": "1.2.2",
      "resolved": "https://registry.npmjs.org/nuxt-storage/-/nuxt-storage-1.2.2.tgz",
      "integrity": "sha512-quJbZ87NO7QRCSp7YZolot6VwktciSLuTS/sRl8NPz5rAWA84U5Py0y9FmAsbKTiaqJtFcCKSaJGzky948jA3w=="
    }
  }
}
