{
  "name": "EWU-CSCD379-2024-Spring",
  "lockfileVersion": 3,
  "requires": true,
  "packages": {
    "": {
      "dependencies": {
        "nuxt-storage": "^1.2.2"
      },
      "devDependencies": {
        "@nuxtjs/date-fns": "^1.5.0"
      }
    },
    "node_modules/@babel/runtime": {
      "version": "7.24.5",
      "resolved": "https://registry.npmjs.org/@babel/runtime/-/runtime-7.24.5.tgz",
      "integrity": "sha512-Nms86NXrsaeU9vbBJKni6gXiEXZ4CVpYVzEjDH9Sb8vmZ3UljyA1GSOJl/6LGPO8EHLuSF9H+IxNXHPX8QHJ4g==",
      "dev": true,
      "dependencies": {
        "regenerator-runtime": "^0.14.0"
      },
      "engines": {
        "node": ">=6.9.0"
      }
    },
    "node_modules/@nuxtjs/date-fns": {
      "version": "1.5.0",
      "resolved": "https://registry.npmjs.org/@nuxtjs/date-fns/-/date-fns-1.5.0.tgz",
      "integrity": "sha512-mE+D3+XmmMcn1lhgMlQdQiWiPhW6KO0AW6cwm/jP7fD5CtEtYuNuAxD8iUaeadM1Cw5ZwjkiMlQsnWLiKGe+bQ==",
      "dev": true,
      "dependencies": {
        "date-fns": "^2.19.0"
      }
    },
    "node_modules/date-fns": {
      "version": "2.30.0",
      "resolved": "https://registry.npmjs.org/date-fns/-/date-fns-2.30.0.tgz",
      "integrity": "sha512-fnULvOpxnC5/Vg3NCiWelDsLiUc9bRwAPs/+LfTLNvetFCtCTN+yQz15C/fs4AwX1R9K5GLtLfn8QW+dWisaAw==",
      "dev": true,
      "dependencies": {
        "@babel/runtime": "^7.21.0"
      },
      "engines": {
        "node": ">=0.11"
      },
      "funding": {
        "type": "opencollective",
        "url": "https://opencollective.com/date-fns"
      }
    },
    "node_modules/nuxt-storage": {
      "version": "1.2.2",
      "resolved": "https://registry.npmjs.org/nuxt-storage/-/nuxt-storage-1.2.2.tgz",
      "integrity": "sha512-quJbZ87NO7QRCSp7YZolot6VwktciSLuTS/sRl8NPz5rAWA84U5Py0y9FmAsbKTiaqJtFcCKSaJGzky948jA3w=="
    },
    "node_modules/regenerator-runtime": {
      "version": "0.14.1",
      "resolved": "https://registry.npmjs.org/regenerator-runtime/-/regenerator-runtime-0.14.1.tgz",
      "integrity": "sha512-dYnhHh0nJoMfnkZs6GmmhFknAGRrLznOu5nc9ML+EJxGvrx6H7teuevqVqCuPcPK//3eDrrjQhehXVx9cnkGdw==",
      "dev": true
    }
  }
}
